
Microsoft Visual Studio Solution File, Format Version 12.00
# Visual Studio Version 17
VisualStudioVersion = 17.7.34003.232
MinimumVisualStudioVersion = 10.0.40219.1
Project("{F2A71F9B-5D33-465A-A702-920D77279786}") = "Delimcc.Core", "Delimcc.Core\Delimcc.Core.fsproj", "{7FACD29D-D5F6-4A2A-B301-D9ADB75B2A34}"
EndProject
Global
	GlobalSection(SolutionConfigurationPlatforms) = preSolution
		Debug|Any CPU = Debug|Any CPU
		Release|Any CPU = Release|Any CPU
	EndGlobalSection
	GlobalSection(ProjectConfigurationPlatforms) = postSolution
		{7FACD29D-D5F6-4A2A-B301-D9ADB75B2A34}.Debug|Any CPU.ActiveCfg = Debug|Any CPU
		{7FACD29D-D5F6-4A2A-B301-D9ADB75B2A34}.Debug|Any CPU.Build.0 = Debug|Any CPU
		{7FACD29D-D5F6-4A2A-B301-D9ADB75B2A34}.Release|Any CPU.ActiveCfg = Release|Any CPU
		{7FACD29D-D5F6-4A2A-B301-D9ADB75B2A34}.Release|Any CPU.Build.0 = Release|Any CPU
	EndGlobalSection
	GlobalSection(SolutionProperties) = preSolution
		HideSolutionNode = FALSE
	EndGlobalSection
	GlobalSection(ExtensibilityGlobals) = postSolution
		SolutionGuid = {1336E8C2-81DD-43B5-9A63-74675159B322}
	EndGlobalSection
EndGlobal
